
Microsoft Visual Studio Solution File, Format Version 12.00
# Visual Studio Version 16
VisualStudioVersion = 16.0.28922.388
MinimumVisualStudioVersion = 10.0.40219.1
Project("{FAE04EC0-301F-11D3-BF4B-00C04F79EFBC}") = "LightDesk", "LightDesk\LightDesk.csproj", "{F5E9A343-DCEB-4739-96E4-3716253047A5}"
EndProject
Global
	GlobalSection(SolutionConfigurationPlatforms) = preSolution
		Debug|Any CPU = Debug|Any CPU
		Release|Any CPU = Release|Any CPU
	EndGlobalSection
	GlobalSection(ProjectConfigurationPlatforms) = postSolution
		{F5E9A343-DCEB-4739-96E4-3716253047A5}.Debug|Any CPU.ActiveCfg = Debug|Any CPU
		{F5E9A343-DCEB-4739-96E4-3716253047A5}.Debug|Any CPU.Build.0 = Debug|Any CPU
		{F5E9A343-DCEB-4739-96E4-3716253047A5}.Release|Any CPU.ActiveCfg = Release|Any CPU
		{F5E9A343-DCEB-4739-96E4-3716253047A5}.Release|Any CPU.Build.0 = Release|Any CPU
	EndGlobalSection
	GlobalSection(SolutionProperties) = preSolution
		HideSolutionNode = FALSE
	EndGlobalSection
	GlobalSection(ExtensibilityGlobals) = postSolution
		SolutionGuid = {1F5154F1-9301-4796-9C44-215A8CD3CC1D}
	EndGlobalSection
EndGlobal
